// !$*UTF8*$!
{
	archiveVersion = 1;
	classes = {
	};
	objectVersion = 55;
	objects = {

/* Begin PBXBuildFile section */
		31D014742784F13C00436EB2 /* AppDelegate.swift in Sources */ = {isa = PBXBuildFile; fileRef = 31D014732784F13C00436EB2 /* AppDelegate.swift */; };
		31D014762784F13D00436EB2 /* art.scnassets in Resources */ = {isa = PBXBuildFile; fileRef = 31D014752784F13D00436EB2 /* art.scnassets */; };
		31D014782784F13D00436EB2 /* ViewController.swift in Sources */ = {isa = PBXBuildFile; fileRef = 31D014772784F13D00436EB2 /* ViewController.swift */; };
		31D0147B2784F13D00436EB2 /* Main.storyboard in Resources */ = {isa = PBXBuildFile; fileRef = 31D014792784F13D00436EB2 /* Main.storyboard */; };
		31D0147D2784F14100436EB2 /* Assets.xcassets in Resources */ = {isa = PBXBuildFile; fileRef = 31D0147C2784F14100436EB2 /* Assets.xcassets */; };
		31D014802784F14100436EB2 /* LaunchScreen.storyboard in Resources */ = {isa = PBXBuildFile; fileRef = 31D0147E2784F14100436EB2 /* LaunchScreen.storyboard */; };
/* End PBXBuildFile section */

/* Begin PBXContainerItemProxy section */
		31D014862784F14200436EB2 /* PBXContainerItemProxy */ = {
			isa = PBXContainerItemProxy;
			containerPortal = 31D014682784F13C00436EB2 /* Project object */;
			proxyType = 1;
			remoteGlobalIDString = 31D0146F2784F13C00436EB2;
			remoteInfo = Moving_Image;
		};
		31D014902784F14200436EB2 /* PBXContainerItemProxy */ = {
			isa = PBXContainerItemProxy;
			containerPortal = 31D014682784F13C00436EB2 /* Project object */;
			proxyType = 1;
			remoteGlobalIDString = 31D0146F2784F13C00436EB2;
			remoteInfo = Moving_Image;
		};
/* End PBXContainerItemProxy section */

/* Begin PBXFileReference section */
		31D014702784F13C00436EB2 /* Moving_Image.app */ = {isa = PBXFileReference; explicitFileType = wrapper.application; includeInIndex = 0; path = Moving_Image.app; sourceTree = BUILT_PRODUCTS_DIR; };
		31D014732784F13C00436EB2 /* AppDelegate.swift */ = {isa = PBXFileReference; lastKnownFileType = sourcecode.swift; path = AppDelegate.swift; sourceTree = "<group>"; };
		31D014752784F13D00436EB2 /* art.scnassets */ = {isa = PBXFileReference; lastKnownFileType = wrapper.scnassets; path = art.scnassets; sourceTree = "<group>"; };
		31D014772784F13D00436EB2 /* ViewController.swift */ = {isa = PBXFileReference; lastKnownFileType = sourcecode.swift; path = ViewController.swift; sourceTree = "<group>"; };
		31D0147A2784F13D00436EB2 /* Base */ = {isa = PBXFileReference; lastKnownFileType = file.storyboard; name = Base; path = Base.lproj/Main.storyboard; sourceTree = "<group>"; };
		31D0147C2784F14100436EB2 /* Assets.xcassets */ = {isa = PBXFileReference; lastKnownFileType = folder.assetcatalog; path = Assets.xcassets; sourceTree = "<group>"; };
		31D0147F2784F14100436EB2 /* Base */ = {isa = PBXFileReference; lastKnownFileType = file.storyboard; name = Base; path = Base.lproj/LaunchScreen.storyboard; sourceTree = "<group>"; };
		31D014852784F14200436EB2 /* Moving_ImageTests.xctest */ = {isa = PBXFileReference; explicitFileType = wrapper.cfbundle; includeInIndex = 0; path = Moving_ImageTests.xctest; sourceTree = BUILT_PRODUCTS_DIR; };
		31D0148F2784F14200436EB2 /* Moving_ImageUITests.xctest */ = {isa = PBXFileReference; explicitFileType = wrapper.cfbundle; includeInIndex = 0; path = Moving_ImageUITests.xctest; sourceTree = BUILT_PRODUCTS_DIR; };
/* End PBXFileReference section */

/* Begin PBXFrameworksBuildPhase section */
		31D0146D2784F13C00436EB2 /* Frameworks */ = {
			isa = PBXFrameworksBuildPhase;
			buildActionMask = 2147483647;
			files = (
			);
			runOnlyForDeploymentPostprocessing = 0;
		};
		31D014822784F14200436EB2 /* Frameworks */ = {
			isa = PBXFrameworksBuildPhase;
			buildActionMask = 2147483647;
			files = (
			);
			runOnlyForDeploymentPostprocessing = 0;
		};
		31D0148C2784F14200436EB2 /* Frameworks */ = {
			isa = PBXFrameworksBuildPhase;
			buildActionMask = 2147483647;
			files = (
			);
			runOnlyForDeploymentPostprocessing = 0;
		};
/* End PBXFrameworksBuildPhase section */

/* Begin PBXGroup section */
		31D014672784F13C00436EB2 = {
			isa = PBXGroup;
			children = (
				31D014722784F13C00436EB2 /* Moving_Image */,
				31D014712784F13C00436EB2 /* Products */,
			);
			sourceTree = "<group>";
		};
		31D014712784F13C00436EB2 /* Products */ = {
			isa = PBXGroup;
			children = (
				31D014702784F13C00436EB2 /* Moving_Image.app */,
				31D014852784F14200436EB2 /* Moving_ImageTests.xctest */,
				31D0148F2784F14200436EB2 /* Moving_ImageUITests.xctest */,
			);
			name = Products;
			sourceTree = "<group>";
		};
		31D014722784F13C00436EB2 /* Moving_Image */ = {
			isa = PBXGroup;
			children = (
				31D014732784F13C00436EB2 /* AppDelegate.swift */,
				31D014752784F13D00436EB2 /* art.scnassets */,
				31D014772784F13D00436EB2 /* ViewController.swift */,
				31D014792784F13D00436EB2 /* Main.storyboard */,
				31D0147C2784F14100436EB2 /* Assets.xcassets */,
				31D0147E2784F14100436EB2 /* LaunchScreen.storyboard */,
			);
			path = Moving_Image;
			sourceTree = "<group>";
		};
/* End PBXGroup section */

/* Begin PBXNativeTarget section */
		31D0146F2784F13C00436EB2 /* Moving_Image */ = {
			isa = PBXNativeTarget;
			buildConfigurationList = 31D014992784F14200436EB2 /* Build configuration list for PBXNativeTarget "Moving_Image" */;
			buildPhases = (
				31D0146C2784F13C00436EB2 /* Sources */,
				31D0146D2784F13C00436EB2 /* Frameworks */,
				31D0146E2784F13C00436EB2 /* Resources */,
			);
			buildRules = (
			);
			dependencies = (
			);
			name = Moving_Image;
			productName = Moving_Image;
			productReference = 31D014702784F13C00436EB2 /* Moving_Image.app */;
			productType = "com.apple.product-type.application";
		};
		31D014842784F14200436EB2 /* Moving_ImageTests */ = {
			isa = PBXNativeTarget;
			buildConfigurationList = 31D0149C2784F14200436EB2 /* Build configuration list for PBXNativeTarget "Moving_ImageTests" */;
			buildPhases = (
				31D014812784F14200436EB2 /* Sources */,
				31D014822784F14200436EB2 /* Frameworks */,
				31D014832784F14200436EB2 /* Resources */,
			);
			buildRules = (
			);
			dependencies = (
				31D014872784F14200436EB2 /* PBXTargetDependency */,
			);
			name = Moving_ImageTests;
			productName = Moving_ImageTests;
			productReference = 31D014852784F14200436EB2 /* Moving_ImageTests.xctest */;
			productType = "com.apple.product-type.bundle.unit-test";
		};
		31D0148E2784F14200436EB2 /* Moving_ImageUITests */ = {
			isa = PBXNativeTarget;
			buildConfigurationList = 31D0149F2784F14200436EB2 /* Build configuration list for PBXNativeTarget "Moving_ImageUITests" */;
			buildPhases = (
				31D0148B2784F14200436EB2 /* Sources */,
				31D0148C2784F14200436EB2 /* Frameworks */,
				31D0148D2784F14200436EB2 /* Resources */,
			);
			buildRules = (
			);
			dependencies = (
				31D014912784F14200436EB2 /* PBXTargetDependency */,
			);
			name = Moving_ImageUITests;
			productName = Moving_ImageUITests;
			productReference = 31D0148F2784F14200436EB2 /* Moving_ImageUITests.xctest */;
			productType = "com.apple.product-type.bundle.ui-testing";
		};
/* End PBXNativeTarget section */

/* Begin PBXProject section */
		31D014682784F13C00436EB2 /* Project object */ = {
			isa = PBXProject;
			attributes = {
				BuildIndependentTargetsInParallel = 1;
				LastSwiftUpdateCheck = 1310;
				LastUpgradeCheck = 1310;
				TargetAttributes = {
					31D0146F2784F13C00436EB2 = {
						CreatedOnToolsVersion = 13.1;
					};
					31D014842784F14200436EB2 = {
						CreatedOnToolsVersion = 13.1;
						TestTargetID = 31D0146F2784F13C00436EB2;
					};
					31D0148E2784F14200436EB2 = {
						CreatedOnToolsVersion = 13.1;
						TestTargetID = 31D0146F2784F13C00436EB2;
					};
				};
			};
			buildConfigurationList = 31D0146B2784F13C00436EB2 /* Build configuration list for PBXProject "Moving_Image" */;
			compatibilityVersion = "Xcode 13.0";
			developmentRegion = en;
			hasScannedForEncodings = 0;
			knownRegions = (
				en,
				Base,
			);
			mainGroup = 31D014672784F13C00436EB2;
			productRefGroup = 31D014712784F13C00436EB2 /* Products */;
			projectDirPath = "";
			projectRoot = "";
			targets = (
				31D0146F2784F13C00436EB2 /* Moving_Image */,
				31D014842784F14200436EB2 /* Moving_ImageTests */,
				31D0148E2784F14200436EB2 /* Moving_ImageUITests */,
			);
		};
/* End PBXProject section */

/* Begin PBXResourcesBuildPhase section */
		31D0146E2784F13C00436EB2 /* Resources */ = {
			isa = PBXResourcesBuildPhase;
			buildActionMask = 2147483647;
			files = (
				31D014762784F13D00436EB2 /* art.scnassets in Resources */,
				31D014802784F14100436EB2 /* LaunchScreen.storyboard in Resources */,
				31D0147D2784F14100436EB2 /* Assets.xcassets in Resources */,
				31D0147B2784F13D00436EB2 /* Main.storyboard in Resources */,
			);
			runOnlyForDeploymentPostprocessing = 0;
		};
		31D014832784F14200436EB2 /* Resources */ = {
			isa = PBXResourcesBuildPhase;
			buildActionMask = 2147483647;
			files = (
			);
			runOnlyForDeploymentPostprocessing = 0;
		};
		31D0148D2784F14200436EB2 /* Resources */ = {
			isa = PBXResourcesBuildPhase;
			buildActionMask = 2147483647;
			files = (
			);
			runOnlyForDeploymentPostprocessing = 0;
		};
/* End PBXResourcesBuildPhase section */

/* Begin PBXSourcesBuildPhase section */
		31D0146C2784F13C00436EB2 /* Sources */ = {
			isa = PBXSourcesBuildPhase;
			buildActionMask = 2147483647;
			files = (
				31D014782784F13D00436EB2 /* ViewController.swift in Sources */,
				31D014742784F13C00436EB2 /* AppDelegate.swift in Sources */,
			);
			runOnlyForDeploymentPostprocessing = 0;
		};
		31D014812784F14200436EB2 /* Sources */ = {
			isa = PBXSourcesBuildPhase;
			buildActionMask = 2147483647;
			files = (
			);
			runOnlyForDeploymentPostprocessing = 0;
		};
		31D0148B2784F14200436EB2 /* Sources */ = {
			isa = PBXSourcesBuildPhase;
			buildActionMask = 2147483647;
			files = (
			);
			runOnlyForDeploymentPostprocessing = 0;
		};
/* End PBXSourcesBuildPhase section */

/* Begin PBXTargetDependency section */
		31D014872784F14200436EB2 /* PBXTargetDependency */ = {
			isa = PBXTargetDependency;
			target = 31D0146F2784F13C00436EB2 /* Moving_Image */;
			targetProxy = 31D014862784F14200436EB2 /* PBXContainerItemProxy */;
		};
		31D014912784F14200436EB2 /* PBXTargetDependency */ = {
			isa = PBXTargetDependency;
			target = 31D0146F2784F13C00436EB2 /* Moving_Image */;
			targetProxy = 31D014902784F14200436EB2 /* PBXContainerItemProxy */;
		};
/* End PBXTargetDependency section */

/* Begin PBXVariantGroup section */
		31D014792784F13D00436EB2 /* Main.storyboard */ = {
			isa = PBXVariantGroup;
			children = (
				31D0147A2784F13D00436EB2 /* Base */,
			);
			name = Main.storyboard;
			sourceTree = "<group>";
		};
		31D0147E2784F14100436EB2 /* LaunchScreen.storyboard */ = {
			isa = PBXVariantGroup;
			children = (
				31D0147F2784F14100436EB2 /* Base */,
			);
			name = LaunchScreen.storyboard;
			sourceTree = "<group>";
		};
/* End PBXVariantGroup section */

/* Begin XCBuildConfiguration section */
		31D014972784F14200436EB2 /* Debug */ = {
			isa = XCBuildConfiguration;
			buildSettings = {
				ALWAYS_SEARCH_USER_PATHS = NO;
				CLANG_ANALYZER_NONNULL = YES;
				CLANG_ANALYZER_NUMBER_OBJECT_CONVERSION = YES_AGGRESSIVE;
				CLANG_CXX_LANGUAGE_STANDARD = "gnu++17";
				CLANG_CXX_LIBRARY = "libc++";
				CLANG_ENABLE_MODULES = YES;
				CLANG_ENABLE_OBJC_ARC = YES;
				CLANG_ENABLE_OBJC_WEAK = YES;
				CLANG_WARN_BLOCK_CAPTURE_AUTORELEASING = YES;
				CLANG_WARN_BOOL_CONVERSION = YES;
				CLANG_WARN_COMMA = YES;
				CLANG_WARN_CONSTANT_CONVERSION = YES;
				CLANG_WARN_DEPRECATED_OBJC_IMPLEMENTATIONS = YES;
				CLANG_WARN_DIRECT_OBJC_ISA_USAGE = YES_ERROR;
				CLANG_WARN_DOCUMENTATION_COMMENTS = YES;
				CLANG_WARN_EMPTY_BODY = YES;
				CLANG_WARN_ENUM_CONVERSION = YES;
				CLANG_WARN_INFINITE_RECURSION = YES;
				CLANG_WARN_INT_CONVERSION = YES;
				CLANG_WARN_NON_LITERAL_NULL_CONVERSION = YES;
				CLANG_WARN_OBJC_IMPLICIT_RETAIN_SELF = YES;
				CLANG_WARN_OBJC_LITERAL_CONVERSION = YES;
				CLANG_WARN_OBJC_ROOT_CLASS = YES_ERROR;
				CLANG_WARN_QUOTED_INCLUDE_IN_FRAMEWORK_HEADER = YES;
				CLANG_WARN_RANGE_LOOP_ANALYSIS = YES;
				CLANG_WARN_STRICT_PROTOTYPES = YES;
				CLANG_WARN_SUSPICIOUS_MOVE = YES;
				CLANG_WARN_UNGUARDED_AVAILABILITY = YES_AGGRESSIVE;
				CLANG_WARN_UNREACHABLE_CODE = YES;
				CLANG_WARN__DUPLICATE_METHOD_MATCH = YES;
				COPY_PHASE_STRIP = NO;
				DEBUG_INFORMATION_FORMAT = dwarf;
				ENABLE_STRICT_OBJC_MSGSEND = YES;
				ENABLE_TESTABILITY = YES;
				GCC_C_LANGUAGE_STANDARD = gnu11;
				GCC_DYNAMIC_NO_PIC = NO;
				GCC_NO_COMMON_BLOCKS = YES;
				GCC_OPTIMIZATION_LEVEL = 0;
				GCC_PREPROCESSOR_DEFINITIONS = (
					"DEBUG=1",
					"$(inherited)",
				);
				GCC_WARN_64_TO_32_BIT_CONVERSION = YES;
				GCC_WARN_ABOUT_RETURN_TYPE = YES_ERROR;
				GCC_WARN_UNDECLARED_SELECTOR = YES;
				GCC_WARN_UNINITIALIZED_AUTOS = YES_AGGRESSIVE;
				GCC_WARN_UNUSED_FUNCTION = YES;
				GCC_WARN_UNUSED_VARIABLE = YES;
				IPHONEOS_DEPLOYMENT_TARGET = 15.0;
				MTL_ENABLE_DEBUG_INFO = INCLUDE_SOURCE;
				MTL_FAST_MATH = YES;
				ONLY_ACTIVE_ARCH = YES;
				SDKROOT = iphoneos;
				SWIFT_ACTIVE_COMPILATION_CONDITIONS = DEBUG;
				SWIFT_OPTIMIZATION_LEVEL = "-Onone";
			};
			name = Debug;
		};
		31D014982784F14200436EB2 /* Release */ = {
			isa = XCBuildConfiguration;
			buildSettings = {
				ALWAYS_SEARCH_USER_PATHS = NO;
				CLANG_ANALYZER_NONNULL = YES;
				CLANG_ANALYZER_NUMBER_OBJECT_CONVERSION = YES_AGGRESSIVE;
				CLANG_CXX_LANGUAGE_STANDARD = "gnu++17";
				CLANG_CXX_LIBRARY = "libc++";
				CLANG_ENABLE_MODULES = YES;
				CLANG_ENABLE_OBJC_ARC = YES;
				CLANG_ENABLE_OBJC_WEAK = YES;
				CLANG_WARN_BLOCK_CAPTURE_AUTORELEASING = YES;
				CLANG_WARN_BOOL_CONVERSION = YES;
				CLANG_WARN_COMMA = YES;
				CLANG_WARN_CONSTANT_CONVERSION = YES;
				CLANG_WARN_DEPRECATED_OBJC_IMPLEMENTATIONS = YES;
				CLANG_WARN_DIRECT_OBJC_ISA_USAGE = YES_ERROR;
				CLANG_WARN_DOCUMENTATION_COMMENTS = YES;
				CLANG_WARN_EMPTY_BODY = YES;
				CLANG_WARN_ENUM_CONVERSION = YES;
				CLANG_WARN_INFINITE_RECURSION = YES;
				CLANG_WARN_INT_CONVERSION = YES;
				CLANG_WARN_NON_LITERAL_NULL_CONVERSION = YES;
				CLANG_WARN_OBJC_IMPLICIT_RETAIN_SELF = YES;
				CLANG_WARN_OBJC_LITERAL_CONVERSION = YES;
				CLANG_WARN_OBJC_ROOT_CLASS = YES_ERROR;
				CLANG_WARN_QUOTED_INCLUDE_IN_FRAMEWORK_HEADER = YES;
				CLANG_WARN_RANGE_LOOP_ANALYSIS = YES;
				CLANG_WARN_STRICT_PROTOTYPES = YES;
				CLANG_WARN_SUSPICIOUS_MOVE = YES;
				CLANG_WARN_UNGUARDED_AVAILABILITY = YES_AGGRESSIVE;
				CLANG_WARN_UNREACHABLE_CODE = YES;
				CLANG_WARN__DUPLICATE_METHOD_MATCH = YES;
				COPY_PHASE_STRIP = NO;
				DEBUG_INFORMATION_FORMAT = "dwarf-with-dsym";
				ENABLE_NS_ASSERTIONS = NO;
				ENABLE_STRICT_OBJC_MSGSEND = YES;
				GCC_C_LANGUAGE_STANDARD = gnu11;
				GCC_NO_COMMON_BLOCKS = YES;
				GCC_WARN_64_TO_32_BIT_CONVERSION = YES;
				GCC_WARN_ABOUT_RETURN_TYPE = YES_ERROR;
				GCC_WARN_UNDECLARED_SELECTOR = YES;
				GCC_WARN_UNINITIALIZED_AUTOS = YES_AGGRESSIVE;
				GCC_WARN_UNUSED_FUNCTION = YES;
				GCC_WARN_UNUSED_VARIABLE = YES;
				IPHONEOS_DEPLOYMENT_TARGET = 15.0;
				MTL_ENABLE_DEBUG_INFO = NO;
				MTL_FAST_MATH = YES;
				SDKROOT = iphoneos;
				SWIFT_COMPILATION_MODE = wholemodule;
				SWIFT_OPTIMIZATION_LEVEL = "-O";
				VALIDATE_PRODUCT = YES;
			};
			name = Release;
		};
		31D0149A2784F14200436EB2 /* Debug */ = {
			isa = XCBuildConfiguration;
			buildSettings = {
				ASSETCATALOG_COMPILER_APPICON_NAME = AppIcon;
				ASSETCATALOG_COMPILER_GLOBAL_ACCENT_COLOR_NAME = AccentColor;
				CODE_SIGN_STYLE = Automatic;
				CURRENT_PROJECT_VERSION = 1;
				DEVELOPMENT_TEAM = G3KK8SV52C;
				GENERATE_INFOPLIST_FILE = YES;
				INFOPLIST_KEY_NSCameraUsageDescription = "";
				INFOPLIST_KEY_UIApplicationSupportsIndirectInputEvents = YES;
				INFOPLIST_KEY_UILaunchStoryboardName = LaunchScreen;
				INFOPLIST_KEY_UIMainStoryboardFile = Main;
				INFOPLIST_KEY_UIRequiredDeviceCapabilities = arkit;
				INFOPLIST_KEY_UIStatusBarHidden = YES;
				INFOPLIST_KEY_UISupportedInterfaceOrientations_iPad = "UIInterfaceOrientationPortrait UIInterfaceOrientationPortraitUpsideDown UIInterfaceOrientationLandscapeLeft UIInterfaceOrientationLandscapeRight";
				INFOPLIST_KEY_UISupportedInterfaceOrientations_iPhone = "UIInterfaceOrientationPortrait UIInterfaceOrientationLandscapeLeft UIInterfaceOrientationLandscapeRight";
				IPHONEOS_DEPLOYMENT_TARGET = 15.0;
				LD_RUNPATH_SEARCH_PATHS = (
					"$(inherited)",
					"@executable_path/Frameworks",
				);
				MARKETING_VERSION = 1.0;
				PRODUCT_BUNDLE_IDENTIFIER = "LESApps.Moving-Image";
				PRODUCT_NAME = "$(TARGET_NAME)";
				SWIFT_EMIT_LOC_STRINGS = YES;
				SWIFT_VERSION = 5.0;
				TARGETED_DEVICE_FAMILY = "1,2";
			};
			name = Debug;
		};
		31D0149B2784F14200436EB2 /* Release */ = {
			isa = XCBuildConfiguration;
			buildSettings = {
				ASSETCATALOG_COMPILER_APPICON_NAME = AppIcon;
				ASSETCATALOG_COMPILER_GLOBAL_ACCENT_COLOR_NAME = AccentColor;
				CODE_SIGN_STYLE = Automatic;
				CURRENT_PROJECT_VERSION = 1;
				DEVELOPMENT_TEAM = G3KK8SV52C;
				GENERATE_INFOPLIST_FILE = YES;
				INFOPLIST_KEY_NSCameraUsageDescription = "";
				INFOPLIST_KEY_UIApplicationSupportsIndirectInputEvents = YES;
				INFOPLIST_KEY_UILaunchStoryboardName = LaunchScreen;
				INFOPLIST_KEY_UIMainStoryboardFile = Main;
				INFOPLIST_KEY_UIRequiredDeviceCapabilities = arkit;
				INFOPLIST_KEY_UIStatusBarHidden = YES;
				INFOPLIST_KEY_UISupportedInterfaceOrientations_iPad = "UIInterfaceOrientationPortrait UIInterfaceOrientationPortraitUpsideDown UIInterfaceOrientationLandscapeLeft UIInterfaceOrientationLandscapeRight";
				INFOPLIST_KEY_UISupportedInterfaceOrientations_iPhone = "UIInterfaceOrientationPortrait UIInterfaceOrientationLandscapeLeft UIInterfaceOrientationLandscapeRight";
				IPHONEOS_DEPLOYMENT_TARGET = 15.0;
				LD_RUNPATH_SEARCH_PATHS = (
					"$(inherited)",
					"@executable_path/Frameworks",
				);
				MARKETING_VERSION = 1.0;
				PRODUCT_BUNDLE_IDENTIFIER = "LESApps.Moving-Image";
				PRODUCT_NAME = "$(TARGET_NAME)";
				SWIFT_EMIT_LOC_STRINGS = YES;
				SWIFT_VERSION = 5.0;
				TARGETED_DEVICE_FAMILY = "1,2";
			};
			name = Release;
		};
		31D0149D2784F14200436EB2 /* Debug */ = {
			isa = XCBuildConfiguration;
			buildSettings = {
				ALWAYS_EMBED_SWIFT_STANDARD_LIBRARIES = YES;
				BUNDLE_LOADER = "$(TEST_HOST)";
				CODE_SIGN_STYLE = Automatic;
				CURRENT_PROJECT_VERSION = 1;
				DEVELOPMENT_TEAM = G3KK8SV52C;
				GENERATE_INFOPLIST_FILE = YES;
				IPHONEOS_DEPLOYMENT_TARGET = 15.0;
				LD_RUNPATH_SEARCH_PATHS = (
					"$(inherited)",
					"@executable_path/Frameworks",
					"@loader_path/Frameworks",
				);
				MARKETING_VERSION = 1.0;
				PRODUCT_BUNDLE_IDENTIFIER = "LESApps.Moving-ImageTests";
				PRODUCT_NAME = "$(TARGET_NAME)";
				SWIFT_EMIT_LOC_STRINGS = NO;
				SWIFT_VERSION = 5.0;
				TARGETED_DEVICE_FAMILY = "1,2";
				TEST_HOST = "$(BUILT_PRODUCTS_DIR)/Moving_Image.app/Moving_Image";
			};
			name = Debug;
		};
		31D0149E2784F14200436EB2 /* Release */ = {
			isa = XCBuildConfiguration;
			buildSettings = {
				ALWAYS_EMBED_SWIFT_STANDARD_LIBRARIES = YES;
				BUNDLE_LOADER = "$(TEST_HOST)";
				CODE_SIGN_STYLE = Automatic;
				CURRENT_PROJECT_VERSION = 1;
				DEVELOPMENT_TEAM = G3KK8SV52C;
				GENERATE_INFOPLIST_FILE = YES;
				IPHONEOS_DEPLOYMENT_TARGET = 15.0;
				LD_RUNPATH_SEARCH_PATHS = (
					"$(inherited)",
					"@executable_path/Frameworks",
					"@loader_path/Frameworks",
				);
				MARKETING_VERSION = 1.0;
				PRODUCT_BUNDLE_IDENTIFIER = "LESApps.Moving-ImageTests";
				PRODUCT_NAME = "$(TARGET_NAME)";
				SWIFT_EMIT_LOC_STRINGS = NO;
				SWIFT_VERSION = 5.0;
				TARGETED_DEVICE_FAMILY = "1,2";
				TEST_HOST = "$(BUILT_PRODUCTS_DIR)/Moving_Image.app/Moving_Image";
			};
			name = Release;
		};
		31D014A02784F14200436EB2 /* Debug */ = {
			isa = XCBuildConfiguration;
			buildSettings = {
				ALWAYS_EMBED_SWIFT_STANDARD_LIBRARIES = YES;
				CODE_SIGN_STYLE = Automatic;
				CURRENT_PROJECT_VERSION = 1;
				DEVELOPMENT_TEAM = G3KK8SV52C;
				GENERATE_INFOPLIST_FILE = YES;
				LD_RUNPATH_SEARCH_PATHS = (
					"$(inherited)",
					"@executable_path/Frameworks",
					"@loader_path/Frameworks",
				);
				MARKETING_VERSION = 1.0;
				PRODUCT_BUNDLE_IDENTIFIER = "LESApps.Moving-ImageUITests";
				PRODUCT_NAME = "$(TARGET_NAME)";
				SWIFT_EMIT_LOC_STRINGS = NO;
				SWIFT_VERSION = 5.0;
				TARGETED_DEVICE_FAMILY = "1,2";
				TEST_TARGET_NAME = Moving_Image;
			};
			name = Debug;
		};
		31D014A12784F14200436EB2 /* Release */ = {
			isa = XCBuildConfiguration;
			buildSettings = {
				ALWAYS_EMBED_SWIFT_STANDARD_LIBRARIES = YES;
				CODE_SIGN_STYLE = Automatic;
				CURRENT_PROJECT_VERSION = 1;
				DEVELOPMENT_TEAM = G3KK8SV52C;
				GENERATE_INFOPLIST_FILE = YES;
				LD_RUNPATH_SEARCH_PATHS = (
					"$(inherited)",
					"@executable_path/Frameworks",
					"@loader_path/Frameworks",
				);
				MARKETING_VERSION = 1.0;
				PRODUCT_BUNDLE_IDENTIFIER = "LESApps.Moving-ImageUITests";
				PRODUCT_NAME = "$(TARGET_NAME)";
				SWIFT_EMIT_LOC_STRINGS = NO;
				SWIFT_VERSION = 5.0;
				TARGETED_DEVICE_FAMILY = "1,2";
				TEST_TARGET_NAME = Moving_Image;
			};
			name = Release;
		};
/* End XCBuildConfiguration section */

/* Begin XCConfigurationList section */
		31D0146B2784F13C00436EB2 /* Build configuration list for PBXProject "Moving_Image" */ = {
			isa = XCConfigurationList;
			buildConfigurations = (
				31D014972784F14200436EB2 /* Debug */,
				31D014982784F14200436EB2 /* Release */,
			);
			defaultConfigurationIsVisible = 0;
			defaultConfigurationName = Release;
		};
		31D014992784F14200436EB2 /* Build configuration list for PBXNativeTarget "Moving_Image" */ = {
			isa = XCConfigurationList;
			buildConfigurations = (
				31D0149A2784F14200436EB2 /* Debug */,
				31D0149B2784F14200436EB2 /* Release */,
			);
			defaultConfigurationIsVisible = 0;
			defaultConfigurationName = Release;
		};
		31D0149C2784F14200436EB2 /* Build configuration list for PBXNativeTarget "Moving_ImageTests" */ = {
			isa = XCConfigurationList;
			buildConfigurations = (
				31D0149D2784F14200436EB2 /* Debug */,
				31D0149E2784F14200436EB2 /* Release */,
			);
			defaultConfigurationIsVisible = 0;
			defaultConfigurationName = Release;
		};
		31D0149F2784F14200436EB2 /* Build configuration list for PBXNativeTarget "Moving_ImageUITests" */ = {
			isa = XCConfigurationList;
			buildConfigurations = (
				31D014A02784F14200436EB2 /* Debug */,
				31D014A12784F14200436EB2 /* Release */,
			);
			defaultConfigurationIsVisible = 0;
			defaultConfigurationName = Release;
		};
/* End XCConfigurationList section */
	};
	rootObject = 31D014682784F13C00436EB2 /* Project object */;
}
